// !$*UTF8*$!
{
	archiveVersion = 1;
	classes = {
	};
	objectVersion = 50;
	objects = {

/* Begin PBXBuildFile section */
		5B77F562B94E3CEEA25C920B /* Pods_StarTrivia.framework in Frameworks */ = {isa = PBXBuildFile; fileRef = BABE6278141ED84B3BDE48DF /* Pods_StarTrivia.framework */; };
		8B9279E0214C241D0030F063 /* AppDelegate.swift in Sources */ = {isa = PBXBuildFile; fileRef = 8B9279DF214C241D0030F063 /* AppDelegate.swift */; };
		8B9279E2214C241D0030F063 /* SelectPersonVC.swift in Sources */ = {isa = PBXBuildFile; fileRef = 8B9279E1214C241D0030F063 /* SelectPersonVC.swift */; };
		8B9279E5214C241D0030F063 /* Main.storyboard in Resources */ = {isa = PBXBuildFile; fileRef = 8B9279E3214C241D0030F063 /* Main.storyboard */; };
		8B9279E7214C241D0030F063 /* Assets.xcassets in Resources */ = {isa = PBXBuildFile; fileRef = 8B9279E6214C241D0030F063 /* Assets.xcassets */; };
		8B9279EA214C241D0030F063 /* LaunchScreen.storyboard in Resources */ = {isa = PBXBuildFile; fileRef = 8B9279E8214C241D0030F063 /* LaunchScreen.storyboard */; };
		8B9279F3214C26580030F063 /* Starjedi.ttf in Resources */ = {isa = PBXBuildFile; fileRef = 8B9279F1214C26570030F063 /* Starjedi.ttf */; };
		8B9279F4214C26580030F063 /* Starjhol.ttf in Resources */ = {isa = PBXBuildFile; fileRef = 8B9279F2214C26580030F063 /* Starjhol.ttf */; };
		8B9279F6214C26620030F063 /* Starjout.ttf in Resources */ = {isa = PBXBuildFile; fileRef = 8B9279F5214C26620030F063 /* Starjout.ttf */; };
		8B9279FD214C2E4D0030F063 /* BlackBgView.swift in Sources */ = {isa = PBXBuildFile; fileRef = 8B9279FC214C2E4D0030F063 /* BlackBgView.swift */; };
		8B927A00214C2ED00030F063 /* Constants.swift in Sources */ = {isa = PBXBuildFile; fileRef = 8B9279FF214C2ED00030F063 /* Constants.swift */; };
		8B927A03214C363B0030F063 /* PersonApi.swift in Sources */ = {isa = PBXBuildFile; fileRef = 8B927A02214C363B0030F063 /* PersonApi.swift */; };
		8BAE42CA215990F200FCBB87 /* Homeworld.swift in Sources */ = {isa = PBXBuildFile; fileRef = 8BAE42C9215990F200FCBB87 /* Homeworld.swift */; };
		8BAE42CC2159937200FCBB87 /* HomeworldApi.swift in Sources */ = {isa = PBXBuildFile; fileRef = 8BAE42CB2159937200FCBB87 /* HomeworldApi.swift */; };
		8BE238D9215584EA00D7C444 /* FadeEnabledBtn.swift in Sources */ = {isa = PBXBuildFile; fileRef = 8BE238D8215584EA00D7C444 /* FadeEnabledBtn.swift */; };
		8BE238DB2155889900D7C444 /* HomeworldVC.swift in Sources */ = {isa = PBXBuildFile; fileRef = 8BE238DA2155889900D7C444 /* HomeworldVC.swift */; };
		8BE238DD215588A800D7C444 /* VehiclesVC.swift in Sources */ = {isa = PBXBuildFile; fileRef = 8BE238DC215588A800D7C444 /* VehiclesVC.swift */; };
		8BE238DF215588B300D7C444 /* StarshipsVC.swift in Sources */ = {isa = PBXBuildFile; fileRef = 8BE238DE215588B300D7C444 /* StarshipsVC.swift */; };
		8BE238E1215588C000D7C444 /* FilmsVC.swift in Sources */ = {isa = PBXBuildFile; fileRef = 8BE238E0215588C000D7C444 /* FilmsVC.swift */; };
		8BFD25F821541AB200E693C7 /* Person.swift in Sources */ = {isa = PBXBuildFile; fileRef = 8BFD25F721541AB200E693C7 /* Person.swift */; };
/* End PBXBuildFile section */

/* Begin PBXFileReference section */
		8B9279DC214C241D0030F063 /* StarTrivia.app */ = {isa = PBXFileReference; explicitFileType = wrapper.application; includeInIndex = 0; path = StarTrivia.app; sourceTree = BUILT_PRODUCTS_DIR; };
		8B9279DF214C241D0030F063 /* AppDelegate.swift */ = {isa = PBXFileReference; lastKnownFileType = sourcecode.swift; path = AppDelegate.swift; sourceTree = "<group>"; };
		8B9279E1214C241D0030F063 /* SelectPersonVC.swift */ = {isa = PBXFileReference; lastKnownFileType = sourcecode.swift; path = SelectPersonVC.swift; sourceTree = "<group>"; };
		8B9279E4214C241D0030F063 /* Base */ = {isa = PBXFileReference; lastKnownFileType = file.storyboard; name = Base; path = Base.lproj/Main.storyboard; sourceTree = "<group>"; };
		8B9279E6214C241D0030F063 /* Assets.xcassets */ = {isa = PBXFileReference; lastKnownFileType = folder.assetcatalog; path = Assets.xcassets; sourceTree = "<group>"; };
		8B9279E9214C241D0030F063 /* Base */ = {isa = PBXFileReference; lastKnownFileType = file.storyboard; name = Base; path = Base.lproj/LaunchScreen.storyboard; sourceTree = "<group>"; };
		8B9279EB214C241D0030F063 /* Info.plist */ = {isa = PBXFileReference; lastKnownFileType = text.plist.xml; path = Info.plist; sourceTree = "<group>"; };
		8B9279F1214C26570030F063 /* Starjedi.ttf */ = {isa = PBXFileReference; lastKnownFileType = file; path = Starjedi.ttf; sourceTree = "<group>"; };
		8B9279F2214C26580030F063 /* Starjhol.ttf */ = {isa = PBXFileReference; lastKnownFileType = file; path = Starjhol.ttf; sourceTree = "<group>"; };
		8B9279F5214C26620030F063 /* Starjout.ttf */ = {isa = PBXFileReference; lastKnownFileType = file; path = Starjout.ttf; sourceTree = "<group>"; };
		8B9279FC214C2E4D0030F063 /* BlackBgView.swift */ = {isa = PBXFileReference; lastKnownFileType = sourcecode.swift; path = BlackBgView.swift; sourceTree = "<group>"; };
		8B9279FF214C2ED00030F063 /* Constants.swift */ = {isa = PBXFileReference; lastKnownFileType = sourcecode.swift; path = Constants.swift; sourceTree = "<group>"; };
		8B927A02214C363B0030F063 /* PersonApi.swift */ = {isa = PBXFileReference; lastKnownFileType = sourcecode.swift; path = PersonApi.swift; sourceTree = "<group>"; };
		8BAE42C9215990F200FCBB87 /* Homeworld.swift */ = {isa = PBXFileReference; lastKnownFileType = sourcecode.swift; path = Homeworld.swift; sourceTree = "<group>"; };
		8BAE42CB2159937200FCBB87 /* HomeworldApi.swift */ = {isa = PBXFileReference; lastKnownFileType = sourcecode.swift; path = HomeworldApi.swift; sourceTree = "<group>"; };
		8BE238D8215584EA00D7C444 /* FadeEnabledBtn.swift */ = {isa = PBXFileReference; lastKnownFileType = sourcecode.swift; path = FadeEnabledBtn.swift; sourceTree = "<group>"; };
		8BE238DA2155889900D7C444 /* HomeworldVC.swift */ = {isa = PBXFileReference; lastKnownFileType = sourcecode.swift; path = HomeworldVC.swift; sourceTree = "<group>"; };
		8BE238DC215588A800D7C444 /* VehiclesVC.swift */ = {isa = PBXFileReference; lastKnownFileType = sourcecode.swift; path = VehiclesVC.swift; sourceTree = "<group>"; };
		8BE238DE215588B300D7C444 /* StarshipsVC.swift */ = {isa = PBXFileReference; lastKnownFileType = sourcecode.swift; path = StarshipsVC.swift; sourceTree = "<group>"; };
		8BE238E0215588C000D7C444 /* FilmsVC.swift */ = {isa = PBXFileReference; lastKnownFileType = sourcecode.swift; path = FilmsVC.swift; sourceTree = "<group>"; };
		8BFD25F721541AB200E693C7 /* Person.swift */ = {isa = PBXFileReference; lastKnownFileType = sourcecode.swift; path = Person.swift; sourceTree = "<group>"; };
		AEE680BFBC0ECB55090B9292 /* Pods-StarTrivia.debug.xcconfig */ = {isa = PBXFileReference; includeInIndex = 1; lastKnownFileType = text.xcconfig; name = "Pods-StarTrivia.debug.xcconfig"; path = "Pods/Target Support Files/Pods-StarTrivia/Pods-StarTrivia.debug.xcconfig"; sourceTree = "<group>"; };
		BABE6278141ED84B3BDE48DF /* Pods_StarTrivia.framework */ = {isa = PBXFileReference; explicitFileType = wrapper.framework; includeInIndex = 0; path = Pods_StarTrivia.framework; sourceTree = BUILT_PRODUCTS_DIR; };
		C7EEB637CA0AC445E03C72DD /* Pods-StarTrivia.release.xcconfig */ = {isa = PBXFileReference; includeInIndex = 1; lastKnownFileType = text.xcconfig; name = "Pods-StarTrivia.release.xcconfig"; path = "Pods/Target Support Files/Pods-StarTrivia/Pods-StarTrivia.release.xcconfig"; sourceTree = "<group>"; };
/* End PBXFileReference section */

/* Begin PBXFrameworksBuildPhase section */
		8B9279D9214C241C0030F063 /* Frameworks */ = {
			isa = PBXFrameworksBuildPhase;
			buildActionMask = 2147483647;
			files = (
				5B77F562B94E3CEEA25C920B /* Pods_StarTrivia.framework in Frameworks */,
			);
			runOnlyForDeploymentPostprocessing = 0;
		};
/* End PBXFrameworksBuildPhase section */

/* Begin PBXGroup section */
		11D745A49BD4B660FAD70A95 /* Frameworks */ = {
			isa = PBXGroup;
			children = (
				BABE6278141ED84B3BDE48DF /* Pods_StarTrivia.framework */,
			);
			name = Frameworks;
			sourceTree = "<group>";
		};
		3B59AF992FB500D68B2C3421 /* Pods */ = {
			isa = PBXGroup;
			children = (
				AEE680BFBC0ECB55090B9292 /* Pods-StarTrivia.debug.xcconfig */,
				C7EEB637CA0AC445E03C72DD /* Pods-StarTrivia.release.xcconfig */,
			);
			name = Pods;
			sourceTree = "<group>";
		};
		8B9279D3214C241C0030F063 = {
			isa = PBXGroup;
			children = (
				8B9279DE214C241D0030F063 /* StarTrivia */,
				8B9279DD214C241D0030F063 /* Products */,
				3B59AF992FB500D68B2C3421 /* Pods */,
				11D745A49BD4B660FAD70A95 /* Frameworks */,
			);
			sourceTree = "<group>";
		};
		8B9279DD214C241D0030F063 /* Products */ = {
			isa = PBXGroup;
			children = (
				8B9279DC214C241D0030F063 /* StarTrivia.app */,
			);
			name = Products;
			sourceTree = "<group>";
		};
		8B9279DE214C241D0030F063 /* StarTrivia */ = {
			isa = PBXGroup;
			children = (
				8B9279F9214C26A70030F063 /* Models */,
				8B9279FA214C26AC0030F063 /* Views */,
				8B9279FB214C26B30030F063 /* Controllers */,
				8B9279DF214C241D0030F063 /* AppDelegate.swift */,
				8B927A01214C36220030F063 /* Services */,
				8B9279FE214C2EBD0030F063 /* Utils */,
				8B9279F8214C269D0030F063 /* Resources */,
				8B9279E3214C241D0030F063 /* Main.storyboard */,
				8B9279E6214C241D0030F063 /* Assets.xcassets */,
				8B9279E8214C241D0030F063 /* LaunchScreen.storyboard */,
				8B9279EB214C241D0030F063 /* Info.plist */,
			);
			path = StarTrivia;
			sourceTree = "<group>";
		};
		8B9279F7214C266F0030F063 /* Fonts */ = {
			isa = PBXGroup;
			children = (
				8B9279F1214C26570030F063 /* Starjedi.ttf */,
				8B9279F2214C26580030F063 /* Starjhol.ttf */,
				8B9279F5214C26620030F063 /* Starjout.ttf */,
			);
			path = Fonts;
			sourceTree = "<group>";
		};
		8B9279F8214C269D0030F063 /* Resources */ = {
			isa = PBXGroup;
			children = (
				8B9279F7214C266F0030F063 /* Fonts */,
			);
			path = Resources;
			sourceTree = "<group>";
		};
		8B9279F9214C26A70030F063 /* Models */ = {
			isa = PBXGroup;
			children = (
				8BFD25F721541AB200E693C7 /* Person.swift */,
				8BAE42C9215990F200FCBB87 /* Homeworld.swift */,
			);
			path = Models;
			sourceTree = "<group>";
		};
		8B9279FA214C26AC0030F063 /* Views */ = {
			isa = PBXGroup;
			children = (
				8B9279FC214C2E4D0030F063 /* BlackBgView.swift */,
				8BE238D8215584EA00D7C444 /* FadeEnabledBtn.swift */,
			);
			path = Views;
			sourceTree = "<group>";
		};
		8B9279FB214C26B30030F063 /* Controllers */ = {
			isa = PBXGroup;
			children = (
				8B9279E1214C241D0030F063 /* SelectPersonVC.swift */,
				8BE238DA2155889900D7C444 /* HomeworldVC.swift */,
				8BE238DC215588A800D7C444 /* VehiclesVC.swift */,
				8BE238DE215588B300D7C444 /* StarshipsVC.swift */,
				8BE238E0215588C000D7C444 /* FilmsVC.swift */,
			);
			path = Controllers;
			sourceTree = "<group>";
		};
		8B9279FE214C2EBD0030F063 /* Utils */ = {
			isa = PBXGroup;
			children = (
				8B9279FF214C2ED00030F063 /* Constants.swift */,
			);
			path = Utils;
			sourceTree = "<group>";
		};
		8B927A01214C36220030F063 /* Services */ = {
			isa = PBXGroup;
			children = (
				8B927A02214C363B0030F063 /* PersonApi.swift */,
				8BAE42CB2159937200FCBB87 /* HomeworldApi.swift */,
			);
			path = Services;
			sourceTree = "<group>";
		};
/* End PBXGroup section */

/* Begin PBXNativeTarget section */
		8B9279DB214C241C0030F063 /* StarTrivia */ = {
			isa = PBXNativeTarget;
			buildConfigurationList = 8B9279EE214C241D0030F063 /* Build configuration list for PBXNativeTarget "StarTrivia" */;
			buildPhases = (
				840574DD648F800737707E30 /* [CP] Check Pods Manifest.lock */,
				8B9279D8214C241C0030F063 /* Sources */,
				8B9279D9214C241C0030F063 /* Frameworks */,
				8B9279DA214C241C0030F063 /* Resources */,
				2CCFD77D84482E0B7F5B2FFA /* [CP] Embed Pods Frameworks */,
			);
			buildRules = (
			);
			dependencies = (
			);
			name = StarTrivia;
			productName = StarTrivia;
			productReference = 8B9279DC214C241D0030F063 /* StarTrivia.app */;
			productType = "com.apple.product-type.application";
		};
/* End PBXNativeTarget section */

/* Begin PBXProject section */
		8B9279D4214C241C0030F063 /* Project object */ = {
			isa = PBXProject;
			attributes = {
				LastSwiftUpdateCheck = 0940;
				LastUpgradeCheck = 0940;
				ORGANIZATIONNAME = "Andre Burgoyne";
				TargetAttributes = {
					8B9279DB214C241C0030F063 = {
						CreatedOnToolsVersion = 9.4.1;
					};
				};
			};
			buildConfigurationList = 8B9279D7214C241C0030F063 /* Build configuration list for PBXProject "StarTrivia" */;
			compatibilityVersion = "Xcode 9.3";
			developmentRegion = en;
			hasScannedForEncodings = 0;
			knownRegions = (
				en,
				Base,
			);
			mainGroup = 8B9279D3214C241C0030F063;
			productRefGroup = 8B9279DD214C241D0030F063 /* Products */;
			projectDirPath = "";
			projectRoot = "";
			targets = (
				8B9279DB214C241C0030F063 /* StarTrivia */,
			);
		};
/* End PBXProject section */

/* Begin PBXResourcesBuildPhase section */
		8B9279DA214C241C0030F063 /* Resources */ = {
			isa = PBXResourcesBuildPhase;
			buildActionMask = 2147483647;
			files = (
				8B9279EA214C241D0030F063 /* LaunchScreen.storyboard in Resources */,
				8B9279E7214C241D0030F063 /* Assets.xcassets in Resources */,
				8B9279F3214C26580030F063 /* Starjedi.ttf in Resources */,
				8B9279F4214C26580030F063 /* Starjhol.ttf in Resources */,
				8B9279F6214C26620030F063 /* Starjout.ttf in Resources */,
				8B9279E5214C241D0030F063 /* Main.storyboard in Resources */,
			);
			runOnlyForDeploymentPostprocessing = 0;
		};
/* End PBXResourcesBuildPhase section */

/* Begin PBXShellScriptBuildPhase section */
		2CCFD77D84482E0B7F5B2FFA /* [CP] Embed Pods Frameworks */ = {
			isa = PBXShellScriptBuildPhase;
			buildActionMask = 2147483647;
			files = (
			);
			inputPaths = (
				"${SRCROOT}/Pods/Target Support Files/Pods-StarTrivia/Pods-StarTrivia-frameworks.sh",
				"${BUILT_PRODUCTS_DIR}/Alamofire/Alamofire.framework",
				"${BUILT_PRODUCTS_DIR}/SwiftyJSON/SwiftyJSON.framework",
			);
			name = "[CP] Embed Pods Frameworks";
			outputPaths = (
				"${TARGET_BUILD_DIR}/${FRAMEWORKS_FOLDER_PATH}/Alamofire.framework",
				"${TARGET_BUILD_DIR}/${FRAMEWORKS_FOLDER_PATH}/SwiftyJSON.framework",
			);
			runOnlyForDeploymentPostprocessing = 0;
			shellPath = /bin/sh;
			shellScript = "\"${SRCROOT}/Pods/Target Support Files/Pods-StarTrivia/Pods-StarTrivia-frameworks.sh\"\n";
			showEnvVarsInLog = 0;
		};
		840574DD648F800737707E30 /* [CP] Check Pods Manifest.lock */ = {
			isa = PBXShellScriptBuildPhase;
			buildActionMask = 2147483647;
			files = (
			);
			inputPaths = (
				"${PODS_PODFILE_DIR_PATH}/Podfile.lock",
				"${PODS_ROOT}/Manifest.lock",
			);
			name = "[CP] Check Pods Manifest.lock";
			outputPaths = (
				"$(DERIVED_FILE_DIR)/Pods-StarTrivia-checkManifestLockResult.txt",
			);
			runOnlyForDeploymentPostprocessing = 0;
			shellPath = /bin/sh;
			shellScript = "diff \"${PODS_PODFILE_DIR_PATH}/Podfile.lock\" \"${PODS_ROOT}/Manifest.lock\" > /dev/null\nif [ $? != 0 ] ; then\n    # print error to STDERR\n    echo \"error: The sandbox is not in sync with the Podfile.lock. Run 'pod install' or update your CocoaPods installation.\" >&2\n    exit 1\nfi\n# This output is used by Xcode 'outputs' to avoid re-running this script phase.\necho \"SUCCESS\" > \"${SCRIPT_OUTPUT_FILE_0}\"\n";
			showEnvVarsInLog = 0;
		};
/* End PBXShellScriptBuildPhase section */

/* Begin PBXSourcesBuildPhase section */
		8B9279D8214C241C0030F063 /* Sources */ = {
			isa = PBXSourcesBuildPhase;
			buildActionMask = 2147483647;
			files = (
				8BE238D9215584EA00D7C444 /* FadeEnabledBtn.swift in Sources */,
				8BFD25F821541AB200E693C7 /* Person.swift in Sources */,
				8BE238DF215588B300D7C444 /* StarshipsVC.swift in Sources */,
				8BAE42CA215990F200FCBB87 /* Homeworld.swift in Sources */,
				8BE238DD215588A800D7C444 /* VehiclesVC.swift in Sources */,
				8BAE42CC2159937200FCBB87 /* HomeworldApi.swift in Sources */,
				8B9279E2214C241D0030F063 /* SelectPersonVC.swift in Sources */,
				8B9279E0214C241D0030F063 /* AppDelegate.swift in Sources */,
				8B9279FD214C2E4D0030F063 /* BlackBgView.swift in Sources */,
				8B927A03214C363B0030F063 /* PersonApi.swift in Sources */,
				8BE238E1215588C000D7C444 /* FilmsVC.swift in Sources */,
				8BE238DB2155889900D7C444 /* HomeworldVC.swift in Sources */,
				8B927A00214C2ED00030F063 /* Constants.swift in Sources */,
			);
			runOnlyForDeploymentPostprocessing = 0;
		};
/* End PBXSourcesBuildPhase section */

/* Begin PBXVariantGroup section */
		8B9279E3214C241D0030F063 /* Main.storyboard */ = {
			isa = PBXVariantGroup;
			children = (
				8B9279E4214C241D0030F063 /* Base */,
			);
			name = Main.storyboard;
			sourceTree = "<group>";
		};
		8B9279E8214C241D0030F063 /* LaunchScreen.storyboard */ = {
			isa = PBXVariantGroup;
			children = (
				8B9279E9214C241D0030F063 /* Base */,
			);
			name = LaunchScreen.storyboard;
			sourceTree = "<group>";
		};
/* End PBXVariantGroup section */

/* Begin XCBuildConfiguration section */
		8B9279EC214C241D0030F063 /* Debug */ = {
			isa = XCBuildConfiguration;
			buildSettings = {
				ALWAYS_SEARCH_USER_PATHS = NO;
				CLANG_ANALYZER_NONNULL = YES;
				CLANG_ANALYZER_NUMBER_OBJECT_CONVERSION = YES_AGGRESSIVE;
				CLANG_CXX_LANGUAGE_STANDARD = "gnu++14";
				CLANG_CXX_LIBRARY = "libc++";
				CLANG_ENABLE_MODULES = YES;
				CLANG_ENABLE_OBJC_ARC = YES;
				CLANG_ENABLE_OBJC_WEAK = YES;
				CLANG_WARN_BLOCK_CAPTURE_AUTORELEASING = YES;
				CLANG_WARN_BOOL_CONVERSION = YES;
				CLANG_WARN_COMMA = YES;
				CLANG_WARN_CONSTANT_CONVERSION = YES;
				CLANG_WARN_DEPRECATED_OBJC_IMPLEMENTATIONS = YES;
				CLANG_WARN_DIRECT_OBJC_ISA_USAGE = YES_ERROR;
				CLANG_WARN_DOCUMENTATION_COMMENTS = YES;
				CLANG_WARN_EMPTY_BODY = YES;
				CLANG_WARN_ENUM_CONVERSION = YES;
				CLANG_WARN_INFINITE_RECURSION = YES;
				CLANG_WARN_INT_CONVERSION = YES;
				CLANG_WARN_NON_LITERAL_NULL_CONVERSION = YES;
				CLANG_WARN_OBJC_IMPLICIT_RETAIN_SELF = YES;
				CLANG_WARN_OBJC_LITERAL_CONVERSION = YES;
				CLANG_WARN_OBJC_ROOT_CLASS = YES_ERROR;
				CLANG_WARN_RANGE_LOOP_ANALYSIS = YES;
				CLANG_WARN_STRICT_PROTOTYPES = YES;
				CLANG_WARN_SUSPICIOUS_MOVE = YES;
				CLANG_WARN_UNGUARDED_AVAILABILITY = YES_AGGRESSIVE;
				CLANG_WARN_UNREACHABLE_CODE = YES;
				CLANG_WARN__DUPLICATE_METHOD_MATCH = YES;
				CODE_SIGN_IDENTITY = "iPhone Developer";
				COPY_PHASE_STRIP = NO;
				DEBUG_INFORMATION_FORMAT = dwarf;
				ENABLE_STRICT_OBJC_MSGSEND = YES;
				ENABLE_TESTABILITY = YES;
				GCC_C_LANGUAGE_STANDARD = gnu11;
				GCC_DYNAMIC_NO_PIC = NO;
				GCC_NO_COMMON_BLOCKS = YES;
				GCC_OPTIMIZATION_LEVEL = 0;
				GCC_PREPROCESSOR_DEFINITIONS = (
					"DEBUG=1",
					"$(inherited)",
				);
				GCC_WARN_64_TO_32_BIT_CONVERSION = YES;
				GCC_WARN_ABOUT_RETURN_TYPE = YES_ERROR;
				GCC_WARN_UNDECLARED_SELECTOR = YES;
				GCC_WARN_UNINITIALIZED_AUTOS = YES_AGGRESSIVE;
				GCC_WARN_UNUSED_FUNCTION = YES;
				GCC_WARN_UNUSED_VARIABLE = YES;
				IPHONEOS_DEPLOYMENT_TARGET = 11.4;
				MTL_ENABLE_DEBUG_INFO = YES;
				ONLY_ACTIVE_ARCH = YES;
				SDKROOT = iphoneos;
				SWIFT_ACTIVE_COMPILATION_CONDITIONS = DEBUG;
				SWIFT_OPTIMIZATION_LEVEL = "-Onone";
			};
			name = Debug;
		};
		8B9279ED214C241D0030F063 /* Release */ = {
			isa = XCBuildConfiguration;
			buildSettings = {
				ALWAYS_SEARCH_USER_PATHS = NO;
				CLANG_ANALYZER_NONNULL = YES;
				CLANG_ANALYZER_NUMBER_OBJECT_CONVERSION = YES_AGGRESSIVE;
				CLANG_CXX_LANGUAGE_STANDARD = "gnu++14";
				CLANG_CXX_LIBRARY = "libc++";
				CLANG_ENABLE_MODULES = YES;
				CLANG_ENABLE_OBJC_ARC = YES;
				CLANG_ENABLE_OBJC_WEAK = YES;
				CLANG_WARN_BLOCK_CAPTURE_AUTORELEASING = YES;
				CLANG_WARN_BOOL_CONVERSION = YES;
				CLANG_WARN_COMMA = YES;
				CLANG_WARN_CONSTANT_CONVERSION = YES;
				CLANG_WARN_DEPRECATED_OBJC_IMPLEMENTATIONS = YES;
				CLANG_WARN_DIRECT_OBJC_ISA_USAGE = YES_ERROR;
				CLANG_WARN_DOCUMENTATION_COMMENTS = YES;
				CLANG_WARN_EMPTY_BODY = YES;
				CLANG_WARN_ENUM_CONVERSION = YES;
				CLANG_WARN_INFINITE_RECURSION = YES;
				CLANG_WARN_INT_CONVERSION = YES;
				CLANG_WARN_NON_LITERAL_NULL_CONVERSION = YES;
				CLANG_WARN_OBJC_IMPLICIT_RETAIN_SELF = YES;
				CLANG_WARN_OBJC_LITERAL_CONVERSION = YES;
				CLANG_WARN_OBJC_ROOT_CLASS = YES_ERROR;
				CLANG_WARN_RANGE_LOOP_ANALYSIS = YES;
				CLANG_WARN_STRICT_PROTOTYPES = YES;
				CLANG_WARN_SUSPICIOUS_MOVE = YES;
				CLANG_WARN_UNGUARDED_AVAILABILITY = YES_AGGRESSIVE;
				CLANG_WARN_UNREACHABLE_CODE = YES;
				CLANG_WARN__DUPLICATE_METHOD_MATCH = YES;
				CODE_SIGN_IDENTITY = "iPhone Developer";
				COPY_PHASE_STRIP = NO;
				DEBUG_INFORMATION_FORMAT = "dwarf-with-dsym";
				ENABLE_NS_ASSERTIONS = NO;
				ENABLE_STRICT_OBJC_MSGSEND = YES;
				GCC_C_LANGUAGE_STANDARD = gnu11;
				GCC_NO_COMMON_BLOCKS = YES;
				GCC_WARN_64_TO_32_BIT_CONVERSION = YES;
				GCC_WARN_ABOUT_RETURN_TYPE = YES_ERROR;
				GCC_WARN_UNDECLARED_SELECTOR = YES;
				GCC_WARN_UNINITIALIZED_AUTOS = YES_AGGRESSIVE;
				GCC_WARN_UNUSED_FUNCTION = YES;
				GCC_WARN_UNUSED_VARIABLE = YES;
				IPHONEOS_DEPLOYMENT_TARGET = 11.4;
				MTL_ENABLE_DEBUG_INFO = NO;
				SDKROOT = iphoneos;
				SWIFT_COMPILATION_MODE = wholemodule;
				SWIFT_OPTIMIZATION_LEVEL = "-O";
				VALIDATE_PRODUCT = YES;
			};
			name = Release;
		};
		8B9279EF214C241D0030F063 /* Debug */ = {
			isa = XCBuildConfiguration;
			baseConfigurationReference = AEE680BFBC0ECB55090B9292 /* Pods-StarTrivia.debug.xcconfig */;
			buildSettings = {
				ASSETCATALOG_COMPILER_APPICON_NAME = AppIcon;
				CODE_SIGN_STYLE = Automatic;
				DEVELOPMENT_TEAM = 7RCYP48HQ2;
				INFOPLIST_FILE = StarTrivia/Info.plist;
				LD_RUNPATH_SEARCH_PATHS = (
					"$(inherited)",
					"@executable_path/Frameworks",
				);
				PRODUCT_BUNDLE_IDENTIFIER = com.atburgoyne.StarTrivia;
				PRODUCT_NAME = "$(TARGET_NAME)";
				SWIFT_VERSION = 4.0;
				TARGETED_DEVICE_FAMILY = "1,2";
			};
			name = Debug;
		};
		8B9279F0214C241D0030F063 /* Release */ = {
			isa = XCBuildConfiguration;
			baseConfigurationReference = C7EEB637CA0AC445E03C72DD /* Pods-StarTrivia.release.xcconfig */;
			buildSettings = {
				ASSETCATALOG_COMPILER_APPICON_NAME = AppIcon;
				CODE_SIGN_STYLE = Automatic;
				DEVELOPMENT_TEAM = 7RCYP48HQ2;
				INFOPLIST_FILE = StarTrivia/Info.plist;
				LD_RUNPATH_SEARCH_PATHS = (
					"$(inherited)",
					"@executable_path/Frameworks",
				);
				PRODUCT_BUNDLE_IDENTIFIER = com.atburgoyne.StarTrivia;
				PRODUCT_NAME = "$(TARGET_NAME)";
				SWIFT_VERSION = 4.0;
				TARGETED_DEVICE_FAMILY = "1,2";
			};
			name = Release;
		};
/* End XCBuildConfiguration section */

/* Begin XCConfigurationList section */
		8B9279D7214C241C0030F063 /* Build configuration list for PBXProject "StarTrivia" */ = {
			isa = XCConfigurationList;
			buildConfigurations = (
				8B9279EC214C241D0030F063 /* Debug */,
				8B9279ED214C241D0030F063 /* Release */,
			);
			defaultConfigurationIsVisible = 0;
			defaultConfigurationName = Release;
		};
		8B9279EE214C241D0030F063 /* Build configuration list for PBXNativeTarget "StarTrivia" */ = {
			isa = XCConfigurationList;
			buildConfigurations = (
				8B9279EF214C241D0030F063 /* Debug */,
				8B9279F0214C241D0030F063 /* Release */,
			);
			defaultConfigurationIsVisible = 0;
			defaultConfigurationName = Release;
		};
/* End XCConfigurationList section */
	};
	rootObject = 8B9279D4214C241C0030F063 /* Project object */;
}
